
Microsoft Visual Studio Solution File, Format Version 12.00
# Visual Studio Version 17
VisualStudioVersion = 17.8.34525.116
MinimumVisualStudioVersion = 10.0.40219.1
Project("{FAE04EC0-301F-11D3-BF4B-00C04F79EFBC}") = "lab_1", "lab_1\lab_1.csproj", "{4793B5D3-C438-4C06-BD0B-8DBBC6CF93F2}"
EndProject
Global
	GlobalSection(SolutionConfigurationPlatforms) = preSolution
		Debug|Any CPU = Debug|Any CPU
		Release|Any CPU = Release|Any CPU
	EndGlobalSection
	GlobalSection(ProjectConfigurationPlatforms) = postSolution
		{4793B5D3-C438-4C06-BD0B-8DBBC6CF93F2}.Debug|Any CPU.ActiveCfg = Debug|Any CPU
		{4793B5D3-C438-4C06-BD0B-8DBBC6CF93F2}.Debug|Any CPU.Build.0 = Debug|Any CPU
		{4793B5D3-C438-4C06-BD0B-8DBBC6CF93F2}.Release|Any CPU.ActiveCfg = Release|Any CPU
		{4793B5D3-C438-4C06-BD0B-8DBBC6CF93F2}.Release|Any CPU.Build.0 = Release|Any CPU
	EndGlobalSection
	GlobalSection(SolutionProperties) = preSolution
		HideSolutionNode = FALSE
	EndGlobalSection
	GlobalSection(ExtensibilityGlobals) = postSolution
		SolutionGuid = {F948BF73-1AB5-4207-BF1E-DCE69D1CAFCD}
	EndGlobalSection
EndGlobal
